
Microsoft Visual Studio Solution File, Format Version 12.00
# Visual Studio Version 17
VisualStudioVersion = 17.7.34202.233
MinimumVisualStudioVersion = 10.0.40219.1
Project("{FAE04EC0-301F-11D3-BF4B-00C04F79EFBC}") = "Stock_Visualizer", "Stock_Visualizer\Stock_Visualizer.csproj", "{BA562C74-7AA3-4968-85DE-FB0BCD678998}"
EndProject
Global
	GlobalSection(SolutionConfigurationPlatforms) = preSolution
		Debug|Any CPU = Debug|Any CPU
		Release|Any CPU = Release|Any CPU
	EndGlobalSection
	GlobalSection(ProjectConfigurationPlatforms) = postSolution
		{BA562C74-7AA3-4968-85DE-FB0BCD678998}.Debug|Any CPU.ActiveCfg = Debug|Any CPU
		{BA562C74-7AA3-4968-85DE-FB0BCD678998}.Debug|Any CPU.Build.0 = Debug|Any CPU
		{BA562C74-7AA3-4968-85DE-FB0BCD678998}.Release|Any CPU.ActiveCfg = Release|Any CPU
		{BA562C74-7AA3-4968-85DE-FB0BCD678998}.Release|Any CPU.Build.0 = Release|Any CPU
	EndGlobalSection
	GlobalSection(SolutionProperties) = preSolution
		HideSolutionNode = FALSE
	EndGlobalSection
	GlobalSection(ExtensibilityGlobals) = postSolution
		SolutionGuid = {13E0ACA5-1543-4C05-9900-E0DC0C829B29}
	EndGlobalSection
EndGlobal
